
Microsoft Visual Studio Solution File, Format Version 12.00
# Visual Studio Version 16
VisualStudioVersion = 16.0.30011.22
MinimumVisualStudioVersion = 10.0.40219.1
Project("{9A19103F-16F7-4668-BE54-9A1E7A4F7556}") = "AlmostBinary_Compiler", "AlmostBinary_Compiler\AlmostBinary_Compiler.csproj", "{155700E8-F907-4C4C-9801-F907919D0089}"
EndProject
Project("{9A19103F-16F7-4668-BE54-9A1E7A4F7556}") = "AlmostBinary_Runtime", "AlmostBinary_Runtime\AlmostBinary_Runtime.csproj", "{21456F56-0BE3-4C58-86E7-06B2AEDA60E4}"
EndProject
Project("{FAE04EC0-301F-11D3-BF4B-00C04F79EFBC}") = "AlmostBinary_Compiler.Tests", "AlmostBinary_Compiler.Tests\AlmostBinary_Compiler.Tests.csproj", "{48817AFE-17A3-4F85-8624-28195D2323CD}"
EndProject
Global
	GlobalSection(SolutionConfigurationPlatforms) = preSolution
		Debug|Any CPU = Debug|Any CPU
		Release|Any CPU = Release|Any CPU
	EndGlobalSection
	GlobalSection(ProjectConfigurationPlatforms) = postSolution
		{155700E8-F907-4C4C-9801-F907919D0089}.Debug|Any CPU.ActiveCfg = Debug|Any CPU
		{155700E8-F907-4C4C-9801-F907919D0089}.Debug|Any CPU.Build.0 = Debug|Any CPU
		{155700E8-F907-4C4C-9801-F907919D0089}.Release|Any CPU.ActiveCfg = Release|Any CPU
		{155700E8-F907-4C4C-9801-F907919D0089}.Release|Any CPU.Build.0 = Release|Any CPU
		{21456F56-0BE3-4C58-86E7-06B2AEDA60E4}.Debug|Any CPU.ActiveCfg = Debug|Any CPU
		{21456F56-0BE3-4C58-86E7-06B2AEDA60E4}.Debug|Any CPU.Build.0 = Debug|Any CPU
		{21456F56-0BE3-4C58-86E7-06B2AEDA60E4}.Release|Any CPU.ActiveCfg = Release|Any CPU
		{21456F56-0BE3-4C58-86E7-06B2AEDA60E4}.Release|Any CPU.Build.0 = Release|Any CPU
		{48817AFE-17A3-4F85-8624-28195D2323CD}.Debug|Any CPU.ActiveCfg = Debug|Any CPU
		{48817AFE-17A3-4F85-8624-28195D2323CD}.Debug|Any CPU.Build.0 = Debug|Any CPU
		{48817AFE-17A3-4F85-8624-28195D2323CD}.Release|Any CPU.ActiveCfg = Release|Any CPU
		{48817AFE-17A3-4F85-8624-28195D2323CD}.Release|Any CPU.Build.0 = Release|Any CPU
	EndGlobalSection
	GlobalSection(SolutionProperties) = preSolution
		HideSolutionNode = FALSE
	EndGlobalSection
	GlobalSection(ExtensibilityGlobals) = postSolution
		SolutionGuid = {67D28F01-E09D-420F-B0CE-FF10DCD878B7}
	EndGlobalSection
EndGlobal
